
Microsoft Visual Studio Solution File, Format Version 12.00
# Visual Studio 14
VisualStudioVersion = 14.0.25420.1
MinimumVisualStudioVersion = 10.0.40219.1
Project("{FAE04EC0-301F-11D3-BF4B-00C04F79EFBC}") = "CustomTextBox.Test", "CustomTextBox.Test\CustomTextBox.Test.csproj", "{3361F7FE-FCE5-4F00-A0B8-02812BC3D71D}"
EndProject
Project("{FAE04EC0-301F-11D3-BF4B-00C04F79EFBC}") = "CustomTextBox.Library", "CustomTextBox.Library\CustomTextBox.Library.csproj", "{0F6A17C3-7634-4EC8-AFC1-33D627D97993}"
EndProject
Global
	GlobalSection(SolutionConfigurationPlatforms) = preSolution
		Debug|Any CPU = Debug|Any CPU
		Release|Any CPU = Release|Any CPU
	EndGlobalSection
	GlobalSection(ProjectConfigurationPlatforms) = postSolution
		{3361F7FE-FCE5-4F00-A0B8-02812BC3D71D}.Debug|Any CPU.ActiveCfg = Debug|Any CPU
		{3361F7FE-FCE5-4F00-A0B8-02812BC3D71D}.Debug|Any CPU.Build.0 = Debug|Any CPU
		{3361F7FE-FCE5-4F00-A0B8-02812BC3D71D}.Release|Any CPU.ActiveCfg = Release|Any CPU
		{3361F7FE-FCE5-4F00-A0B8-02812BC3D71D}.Release|Any CPU.Build.0 = Release|Any CPU
		{0F6A17C3-7634-4EC8-AFC1-33D627D97993}.Debug|Any CPU.ActiveCfg = Debug|Any CPU
		{0F6A17C3-7634-4EC8-AFC1-33D627D97993}.Debug|Any CPU.Build.0 = Debug|Any CPU
		{0F6A17C3-7634-4EC8-AFC1-33D627D97993}.Release|Any CPU.ActiveCfg = Release|Any CPU
		{0F6A17C3-7634-4EC8-AFC1-33D627D97993}.Release|Any CPU.Build.0 = Release|Any CPU
	EndGlobalSection
	GlobalSection(SolutionProperties) = preSolution
		HideSolutionNode = FALSE
	EndGlobalSection
EndGlobal
